
Microsoft Visual Studio Solution File, Format Version 12.00
# Visual Studio 14
VisualStudioVersion = 14.0.25420.1
MinimumVisualStudioVersion = 10.0.40219.1
Project("{2150E333-8FDC-42A3-9474-1A3956D46DE8}") = ".build", ".build", "{DAC1290A-55F9-4A6C-BCD7-3AF547E8C26A}"
	ProjectSection(SolutionItems) = preProject
		..\RELEASE_NOTES.md = ..\RELEASE_NOTES.md
	EndProjectSection
EndProject
Project("{FAE04EC0-301F-11D3-BF4B-00C04F79EFBC}") = "Elders.Hystrix.NET.Dashboard", "Elders.Hystrix.NET.Dashboard\Elders.Hystrix.NET.Dashboard.csproj", "{2F667CAC-70E8-40C9-A4A6-613B86F05190}"
EndProject
Global
	GlobalSection(SolutionConfigurationPlatforms) = preSolution
		Debug|Any CPU = Debug|Any CPU
		Release|Any CPU = Release|Any CPU
	EndGlobalSection
	GlobalSection(ProjectConfigurationPlatforms) = postSolution
		{2F667CAC-70E8-40C9-A4A6-613B86F05190}.Debug|Any CPU.ActiveCfg = Debug|Any CPU
		{2F667CAC-70E8-40C9-A4A6-613B86F05190}.Debug|Any CPU.Build.0 = Debug|Any CPU
		{2F667CAC-70E8-40C9-A4A6-613B86F05190}.Release|Any CPU.ActiveCfg = Release|Any CPU
		{2F667CAC-70E8-40C9-A4A6-613B86F05190}.Release|Any CPU.Build.0 = Release|Any CPU
	EndGlobalSection
	GlobalSection(SolutionProperties) = preSolution
		HideSolutionNode = FALSE
	EndGlobalSection
EndGlobal
